
Microsoft Visual Studio Solution File, Format Version 12.00
# Visual Studio Version 16
VisualStudioVersion = 16.0.30204.135
MinimumVisualStudioVersion = 10.0.40219.1
Project("{FAE04EC0-301F-11D3-BF4B-00C04F79EFBC}") = "ReservaHotelCore", "ReservaHotelCore\ReservaHotelCore.csproj", "{5AD8D126-DD32-44B9-AB61-DFB1203BACDC}"
EndProject
Project("{FAE04EC0-301F-11D3-BF4B-00C04F79EFBC}") = "ReservaHotelTest", "ReservaHotelTest\ReservaHotelTest.csproj", "{F80D2CA4-7264-4506-9A4A-29A269CE22D5}"
EndProject
Global
	GlobalSection(SolutionConfigurationPlatforms) = preSolution
		Debug|Any CPU = Debug|Any CPU
		Release|Any CPU = Release|Any CPU
	EndGlobalSection
	GlobalSection(ProjectConfigurationPlatforms) = postSolution
		{5AD8D126-DD32-44B9-AB61-DFB1203BACDC}.Debug|Any CPU.ActiveCfg = Debug|Any CPU
		{5AD8D126-DD32-44B9-AB61-DFB1203BACDC}.Debug|Any CPU.Build.0 = Debug|Any CPU
		{5AD8D126-DD32-44B9-AB61-DFB1203BACDC}.Release|Any CPU.ActiveCfg = Release|Any CPU
		{5AD8D126-DD32-44B9-AB61-DFB1203BACDC}.Release|Any CPU.Build.0 = Release|Any CPU
		{F80D2CA4-7264-4506-9A4A-29A269CE22D5}.Debug|Any CPU.ActiveCfg = Debug|Any CPU
		{F80D2CA4-7264-4506-9A4A-29A269CE22D5}.Debug|Any CPU.Build.0 = Debug|Any CPU
		{F80D2CA4-7264-4506-9A4A-29A269CE22D5}.Release|Any CPU.ActiveCfg = Release|Any CPU
		{F80D2CA4-7264-4506-9A4A-29A269CE22D5}.Release|Any CPU.Build.0 = Release|Any CPU
	EndGlobalSection
	GlobalSection(SolutionProperties) = preSolution
		HideSolutionNode = FALSE
	EndGlobalSection
	GlobalSection(ExtensibilityGlobals) = postSolution
		SolutionGuid = {C064E56B-0150-45E6-93F9-8632B80A0BCF}
	EndGlobalSection
EndGlobal
